
Microsoft Visual Studio Solution File, Format Version 12.00
# Visual Studio Version 17
VisualStudioVersion = 17.8.34330.188
MinimumVisualStudioVersion = 10.0.40219.1
Project("{FAE04EC0-301F-11D3-BF4B-00C04F79EFBC}") = "TareaSimulacionBus", "TareaSimulacionBus\TareaSimulacionBus.csproj", "{60BBA14C-9CBC-4DC2-B397-A54266BD7C81}"
EndProject
Global
	GlobalSection(SolutionConfigurationPlatforms) = preSolution
		Debug|Any CPU = Debug|Any CPU
		Release|Any CPU = Release|Any CPU
	EndGlobalSection
	GlobalSection(ProjectConfigurationPlatforms) = postSolution
		{60BBA14C-9CBC-4DC2-B397-A54266BD7C81}.Debug|Any CPU.ActiveCfg = Debug|Any CPU
		{60BBA14C-9CBC-4DC2-B397-A54266BD7C81}.Debug|Any CPU.Build.0 = Debug|Any CPU
		{60BBA14C-9CBC-4DC2-B397-A54266BD7C81}.Release|Any CPU.ActiveCfg = Release|Any CPU
		{60BBA14C-9CBC-4DC2-B397-A54266BD7C81}.Release|Any CPU.Build.0 = Release|Any CPU
	EndGlobalSection
	GlobalSection(SolutionProperties) = preSolution
		HideSolutionNode = FALSE
	EndGlobalSection
	GlobalSection(ExtensibilityGlobals) = postSolution
		SolutionGuid = {C71A3FDD-631E-4743-B5AF-0467FB2B3355}
	EndGlobalSection
EndGlobal
